
Microsoft Visual Studio Solution File, Format Version 12.00
# Visual Studio Version 17
VisualStudioVersion = 17.0.32112.339
MinimumVisualStudioVersion = 10.0.40219.1
Project("{9A19103F-16F7-4668-BE54-9A1E7A4F7556}") = "ecommerceweb.SharedModel", "ecommerceweb.SharedModel\ecommerceweb.SharedModel.csproj", "{337E3734-D0BB-455B-BF08-EE3D58B7F6EF}"
EndProject
Project("{9A19103F-16F7-4668-BE54-9A1E7A4F7556}") = "ecommerceweb.Domain", "ecommerceweb.Domain\ecommerceweb.Domain.csproj", "{97BCDA6B-F7E0-45E2-8DC2-BD00B4F42A31}"
EndProject
Project("{9A19103F-16F7-4668-BE54-9A1E7A4F7556}") = "ecommerceweb.Test", "ecommerceweb.Test\ecommerceweb.Test.csproj", "{84DBCF18-CE9D-465B-B915-AC6E0CBF04F2}"
EndProject
Project("{9A19103F-16F7-4668-BE54-9A1E7A4F7556}") = "ecommerceweb.Website", "ecommerceweb.Website\ecommerceweb.Website.csproj", "{364D1F1F-AA59-46DF-9227-E7AB2F7FB914}"
EndProject
Project("{9A19103F-16F7-4668-BE54-9A1E7A4F7556}") = "ecommerceweb.API", "ecommerceweb.API\ecommerceweb.API.csproj", "{34F046E2-1E56-4523-8E5D-5F9E7258D070}"
EndProject
Project("{9A19103F-16F7-4668-BE54-9A1E7A4F7556}") = "ecommerceweb.Admin", "ecommerceweb.Admin\ecommerceweb.Admin.csproj", "{F2AA1306-E54B-48A9-8403-0C3B27AA9217}"
EndProject
Global
	GlobalSection(SolutionConfigurationPlatforms) = preSolution
		Debug|Any CPU = Debug|Any CPU
		Release|Any CPU = Release|Any CPU
	EndGlobalSection
	GlobalSection(ProjectConfigurationPlatforms) = postSolution
		{337E3734-D0BB-455B-BF08-EE3D58B7F6EF}.Debug|Any CPU.ActiveCfg = Debug|Any CPU
		{337E3734-D0BB-455B-BF08-EE3D58B7F6EF}.Debug|Any CPU.Build.0 = Debug|Any CPU
		{337E3734-D0BB-455B-BF08-EE3D58B7F6EF}.Release|Any CPU.ActiveCfg = Release|Any CPU
		{337E3734-D0BB-455B-BF08-EE3D58B7F6EF}.Release|Any CPU.Build.0 = Release|Any CPU
		{97BCDA6B-F7E0-45E2-8DC2-BD00B4F42A31}.Debug|Any CPU.ActiveCfg = Debug|Any CPU
		{97BCDA6B-F7E0-45E2-8DC2-BD00B4F42A31}.Debug|Any CPU.Build.0 = Debug|Any CPU
		{97BCDA6B-F7E0-45E2-8DC2-BD00B4F42A31}.Release|Any CPU.ActiveCfg = Release|Any CPU
		{97BCDA6B-F7E0-45E2-8DC2-BD00B4F42A31}.Release|Any CPU.Build.0 = Release|Any CPU
		{84DBCF18-CE9D-465B-B915-AC6E0CBF04F2}.Debug|Any CPU.ActiveCfg = Debug|Any CPU
		{84DBCF18-CE9D-465B-B915-AC6E0CBF04F2}.Debug|Any CPU.Build.0 = Debug|Any CPU
		{84DBCF18-CE9D-465B-B915-AC6E0CBF04F2}.Release|Any CPU.ActiveCfg = Release|Any CPU
		{84DBCF18-CE9D-465B-B915-AC6E0CBF04F2}.Release|Any CPU.Build.0 = Release|Any CPU
		{364D1F1F-AA59-46DF-9227-E7AB2F7FB914}.Debug|Any CPU.ActiveCfg = Debug|Any CPU
		{364D1F1F-AA59-46DF-9227-E7AB2F7FB914}.Debug|Any CPU.Build.0 = Debug|Any CPU
		{364D1F1F-AA59-46DF-9227-E7AB2F7FB914}.Release|Any CPU.ActiveCfg = Release|Any CPU
		{364D1F1F-AA59-46DF-9227-E7AB2F7FB914}.Release|Any CPU.Build.0 = Release|Any CPU
		{34F046E2-1E56-4523-8E5D-5F9E7258D070}.Debug|Any CPU.ActiveCfg = Debug|Any CPU
		{34F046E2-1E56-4523-8E5D-5F9E7258D070}.Debug|Any CPU.Build.0 = Debug|Any CPU
		{34F046E2-1E56-4523-8E5D-5F9E7258D070}.Release|Any CPU.ActiveCfg = Release|Any CPU
		{34F046E2-1E56-4523-8E5D-5F9E7258D070}.Release|Any CPU.Build.0 = Release|Any CPU
		{F2AA1306-E54B-48A9-8403-0C3B27AA9217}.Debug|Any CPU.ActiveCfg = Debug|Any CPU
		{F2AA1306-E54B-48A9-8403-0C3B27AA9217}.Debug|Any CPU.Build.0 = Debug|Any CPU
		{F2AA1306-E54B-48A9-8403-0C3B27AA9217}.Release|Any CPU.ActiveCfg = Release|Any CPU
		{F2AA1306-E54B-48A9-8403-0C3B27AA9217}.Release|Any CPU.Build.0 = Release|Any CPU
	EndGlobalSection
	GlobalSection(SolutionProperties) = preSolution
		HideSolutionNode = FALSE
	EndGlobalSection
	GlobalSection(ExtensibilityGlobals) = postSolution
		SolutionGuid = {E563925D-AD66-45F4-A110-F606E43A9873}
	EndGlobalSection
EndGlobal
